
Microsoft Visual Studio Solution File, Format Version 12.00
# Visual Studio Version 17
VisualStudioVersion = 17.9.34728.123
MinimumVisualStudioVersion = 10.0.40219.1
Project("{8BC9CEB8-8B4A-11D0-8D11-00A0C91BC942}") = "wifi_extract", "wifi_extract.vcxproj", "{BE3734DE-CEA1-43F0-9417-6E0D1A87A4DD}"
EndProject
Project("{2150E333-8FDC-42A3-9474-1A3956D46DE8}") = "Solution Items", "Solution Items", "{27902E9A-5ACB-4C4C-B79C-F53E20D128D7}"
	ProjectSection(SolutionItems) = preProject
		..\..\Users\fredr\Downloads\tinyxml2.cpp = ..\..\Users\fredr\Downloads\tinyxml2.cpp
		..\..\Users\fredr\Downloads\tinyxml2.h = ..\..\Users\fredr\Downloads\tinyxml2.h
	EndProjectSection
EndProject
Global
	GlobalSection(SolutionConfigurationPlatforms) = preSolution
		Debug|x64 = Debug|x64
		Debug|x86 = Debug|x86
		Release|x64 = Release|x64
		Release|x86 = Release|x86
	EndGlobalSection
	GlobalSection(ProjectConfigurationPlatforms) = postSolution
		{BE3734DE-CEA1-43F0-9417-6E0D1A87A4DD}.Debug|x64.ActiveCfg = Debug|x64
		{BE3734DE-CEA1-43F0-9417-6E0D1A87A4DD}.Debug|x64.Build.0 = Debug|x64
		{BE3734DE-CEA1-43F0-9417-6E0D1A87A4DD}.Debug|x86.ActiveCfg = Debug|Win32
		{BE3734DE-CEA1-43F0-9417-6E0D1A87A4DD}.Debug|x86.Build.0 = Debug|Win32
		{BE3734DE-CEA1-43F0-9417-6E0D1A87A4DD}.Release|x64.ActiveCfg = Release|x64
		{BE3734DE-CEA1-43F0-9417-6E0D1A87A4DD}.Release|x64.Build.0 = Release|x64
		{BE3734DE-CEA1-43F0-9417-6E0D1A87A4DD}.Release|x86.ActiveCfg = Release|Win32
		{BE3734DE-CEA1-43F0-9417-6E0D1A87A4DD}.Release|x86.Build.0 = Release|Win32
	EndGlobalSection
	GlobalSection(SolutionProperties) = preSolution
		HideSolutionNode = FALSE
	EndGlobalSection
	GlobalSection(ExtensibilityGlobals) = postSolution
		SolutionGuid = {DE9820C1-D654-48DF-9BC4-D9677EBE0577}
	EndGlobalSection
EndGlobal
